{
  "name": "cf-routing-test-fixtures",
  "lockfileVersion": 3,
  "requires": true,
  "packages": {
    "": {
      "name": "cf-routing-test-fixtures",
      "dependencies": {
        "@whi/cf-routing": "file:../..",
        "@whi/http-errors": "^0.1.1",
        "itty-router": "^5.0.18",
        "loganite": "^0.1.2"
      }
    },
    "../..": {
      "name": "@whi/cf-routing",
      "version": "0.1.0",
      "license": "LGPL-3.0",
      "dependencies": {
        "@whi/http-errors": "^0.1.1",
        "itty-router": "^5.0.18",
        "loganite": "^0.1.2"
      },
      "devDependencies": {
        "@cloudflare/workers-types": "^4.20250708.0",
        "@vitest/coverage-v8": "^2.1.8",
        "miniflare": "^3.20241218.1",
        "prettier": "^3.6.2",
        "typescript": "^5.8.3",
        "vitest": "^2.1.8",
        "wrangler": "^3.99.0"
      }
    },
    "node_modules/@whi/cf-routing": {
      "resolved": "../..",
      "link": true
    },
    "node_modules/@whi/http-errors": {
      "version": "0.1.1",
      "resolved": "https://registry.npmjs.org/@whi/http-errors/-/http-errors-0.1.1.tgz",
      "integrity": "sha512-vVzc+EfSlgSualgt9ZTzu0xH5G5rB1uiuyzPqYJtaQ0GauyHaqmB84NtcuIv/p/FlBWcsLLx2lbwoCdE1WRAig==",
      "license": "LGPL-3.0"
    },
    "node_modules/itty-router": {
      "version": "5.0.22",
      "resolved": "https://registry.npmjs.org/itty-router/-/itty-router-5.0.22.tgz",
      "integrity": "sha512-9hmdGErWdYDOurGYxSbqLhy4EFReIwk71hMZTJ5b+zfa2zjMNV1ftFno2b8VjAQvX615gNB8Qxbl9JMRqHnIVA==",
      "license": "MIT"
    },
    "node_modules/loganite": {
      "version": "0.1.2",
      "resolved": "https://registry.npmjs.org/loganite/-/loganite-0.1.2.tgz",
      "integrity": "sha512-9weM6n3vrzsjl2KiL6xRU7NxlauQXHw4geSPLn6b7zR26SrsQ/bL5FgxnuRNSOLgETKfCq0aDAC4k2RPAlO4lQ==",
      "license": "ISC"
    }
  }
}
